PODS:
  - Flutter (1.0.0)
  - passkeys_darwin (0.0.1):
    - Flutter
    - FlutterMacOS
  - ua_client_hints (1.4.1):
    - Flutter

DEPENDENCIES:
  - Flutter (from `Flutter`)
  - passkeys_darwin (from `.symlinks/plugins/passkeys_darwin/darwin`)
  - ua_client_hints (from `.symlinks/plugins/ua_client_hints/ios`)

EXTERNAL SOURCES:
  Flutter:
    :path: Flutter
  passkeys_darwin:
    :path: ".symlinks/plugins/passkeys_darwin/darwin"
  ua_client_hints:
    :path: ".symlinks/plugins/ua_client_hints/ios"

SPEC CHECKSUMS:
  Flutter: cabc95a1d2626b1b06e7179b784ebcf0c0cde467
  passkeys_darwin: 0a09d3b26cea8de1ec3bb8f8c7c159981f63bbc7
  ua_client_hints: 92fe0d139619b73ec9fcb46cc7e079a26178f586

PODFILE CHECKSUM: 4c438addb11b6da45ed7ae408823d68256222460

COCOAPODS: 1.16.2
