PODS:
  - Flutter (1.0.0)
  - passkeys_ios (0.0.1):
    - Flutter
  - ua_client_hints (1.2.2):
    - Flutter
  - web3_signers (0.0.1):
    - Flutter

DEPENDENCIES:
  - Flutter (from `Flutter`)
  - passkeys_ios (from `.symlinks/plugins/passkeys_ios/ios`)
  - ua_client_hints (from `.symlinks/plugins/ua_client_hints/ios`)
  - web3_signers (from `.symlinks/plugins/web3_signers/ios`)

EXTERNAL SOURCES:
  Flutter:
    :path: Flutter
  passkeys_ios:
    :path: ".symlinks/plugins/passkeys_ios/ios"
  ua_client_hints:
    :path: ".symlinks/plugins/ua_client_hints/ios"
  web3_signers:
    :path: ".symlinks/plugins/web3_signers/ios"

SPEC CHECKSUMS:
  Flutter: e0871f40cf51350855a761d2e70bf5af5b9b5de7
  passkeys_ios: fdae8c06e2178a9fcb9261a6cb21fb9a06a81d53
  ua_client_hints: 7f4e0f5d390685e8f7efd6eb363594f760108926
  web3_signers: 5f49d582ab0d1fe673b3220aa6ecf25bb3cbed6b

PODFILE CHECKSUM: a9b822b9db63c1907c4c4325c451f5a5fc1f85a8

COCOAPODS: 1.14.2
