PODS:
  - FlutterMacOS (1.0.0)
  - passkeys_darwin (0.0.1):
    - Flutter
    - FlutterMacOS

DEPENDENCIES:
  - FlutterMacOS (from `Flutter/ephemeral`)
  - passkeys_darwin (from `Flutter/ephemeral/.symlinks/plugins/passkeys_darwin/darwin`)

EXTERNAL SOURCES:
  FlutterMacOS:
    :path: Flutter/ephemeral
  passkeys_darwin:
    :path: Flutter/ephemeral/.symlinks/plugins/passkeys_darwin/darwin

SPEC CHECKSUMS:
  FlutterMacOS: d0db08ddef1a9af05a5ec4b724367152bb0500b1
  passkeys_darwin: 0a09d3b26cea8de1ec3bb8f8c7c159981f63bbc7

PODFILE CHECKSUM: bac2186806ea901d391c664c7bfc8ccce0ee7cb7

COCOAPODS: 1.16.2
